
Microsoft Visual Studio Solution File, Format Version 12.00
# Visual Studio Version 17
VisualStudioVersion = 17.4.33213.308
MinimumVisualStudioVersion = 10.0.40219.1
Project("{FAE04EC0-301F-11D3-BF4B-00C04F79EFBC}") = "ClientOnamaeDdns", "ClientOnamaeDdns\ClientOnamaeDdns.csproj", "{5FD7E4E0-C8B9-4FFE-9AB6-20E65496B887}"
EndProject
Global
	GlobalSection(SolutionConfigurationPlatforms) = preSolution
		Debug|Any CPU = Debug|Any CPU
		Release|Any CPU = Release|Any CPU
	EndGlobalSection
	GlobalSection(ProjectConfigurationPlatforms) = postSolution
		{5FD7E4E0-C8B9-4FFE-9AB6-20E65496B887}.Debug|Any CPU.ActiveCfg = Debug|Any CPU
		{5FD7E4E0-C8B9-4FFE-9AB6-20E65496B887}.Debug|Any CPU.Build.0 = Debug|Any CPU
		{5FD7E4E0-C8B9-4FFE-9AB6-20E65496B887}.Release|Any CPU.ActiveCfg = Release|Any CPU
		{5FD7E4E0-C8B9-4FFE-9AB6-20E65496B887}.Release|Any CPU.Build.0 = Release|Any CPU
	EndGlobalSection
	GlobalSection(SolutionProperties) = preSolution
		HideSolutionNode = FALSE
	EndGlobalSection
	GlobalSection(ExtensibilityGlobals) = postSolution
		SolutionGuid = {99395CC6-3D18-4EE6-95F2-1C1E81932AF3}
	EndGlobalSection
EndGlobal
